
Microsoft Visual Studio Solution File, Format Version 12.00
# Visual Studio Version 17
VisualStudioVersion = 17.7.34202.233
MinimumVisualStudioVersion = 10.0.40219.1
Project("{9A19103F-16F7-4668-BE54-9A1E7A4F7556}") = "Gazi.HelloWorldApp", "Gazi.HelloWorldAppSube1\Gazi.HelloWorldApp.csproj", "{0FE9335B-B710-496C-80DF-ED81A9B11A24}"
EndProject
Project("{9A19103F-16F7-4668-BE54-9A1E7A4F7556}") = "Gazi.KararYapilariApp", "Gazi.KararYapilariApp\Gazi.KararYapilariApp.csproj", "{FDF44BE1-1160-4917-BC3B-4BCB958CE266}"
EndProject
Project("{FAE04EC0-301F-11D3-BF4B-00C04F79EFBC}") = "Gazi.DongulerApp", "Gazi.DongulerApp\Gazi.DongulerApp.csproj", "{74E44C1F-1DD6-4B46-B8E9-A05EBC79B8E3}"
EndProject
Global
	GlobalSection(SolutionConfigurationPlatforms) = preSolution
		Debug|Any CPU = Debug|Any CPU
		Release|Any CPU = Release|Any CPU
	EndGlobalSection
	GlobalSection(ProjectConfigurationPlatforms) = postSolution
		{0FE9335B-B710-496C-80DF-ED81A9B11A24}.Debug|Any CPU.ActiveCfg = Debug|Any CPU
		{0FE9335B-B710-496C-80DF-ED81A9B11A24}.Debug|Any CPU.Build.0 = Debug|Any CPU
		{0FE9335B-B710-496C-80DF-ED81A9B11A24}.Release|Any CPU.ActiveCfg = Release|Any CPU
		{0FE9335B-B710-496C-80DF-ED81A9B11A24}.Release|Any CPU.Build.0 = Release|Any CPU
		{FDF44BE1-1160-4917-BC3B-4BCB958CE266}.Debug|Any CPU.ActiveCfg = Debug|Any CPU
		{FDF44BE1-1160-4917-BC3B-4BCB958CE266}.Debug|Any CPU.Build.0 = Debug|Any CPU
		{FDF44BE1-1160-4917-BC3B-4BCB958CE266}.Release|Any CPU.ActiveCfg = Release|Any CPU
		{FDF44BE1-1160-4917-BC3B-4BCB958CE266}.Release|Any CPU.Build.0 = Release|Any CPU
		{74E44C1F-1DD6-4B46-B8E9-A05EBC79B8E3}.Debug|Any CPU.ActiveCfg = Debug|Any CPU
		{74E44C1F-1DD6-4B46-B8E9-A05EBC79B8E3}.Debug|Any CPU.Build.0 = Debug|Any CPU
		{74E44C1F-1DD6-4B46-B8E9-A05EBC79B8E3}.Release|Any CPU.ActiveCfg = Release|Any CPU
		{74E44C1F-1DD6-4B46-B8E9-A05EBC79B8E3}.Release|Any CPU.Build.0 = Release|Any CPU
	EndGlobalSection
	GlobalSection(SolutionProperties) = preSolution
		HideSolutionNode = FALSE
	EndGlobalSection
	GlobalSection(ExtensibilityGlobals) = postSolution
		SolutionGuid = {2E576131-0CDF-4523-8AEF-36CB4754A8EF}
	EndGlobalSection
EndGlobal
